
Microsoft Visual Studio Solution File, Format Version 12.00
# Visual Studio Version 17
VisualStudioVersion = 17.10.35122.118
MinimumVisualStudioVersion = 10.0.40219.1
Project("{FAE04EC0-301F-11D3-BF4B-00C04F79EFBC}") = "YTDLQuickGui", "YTDLQuickGui\YTDLQuickGui.csproj", "{73F1C532-59CB-4076-915F-D909FFDF5206}"
EndProject
Global
	GlobalSection(SolutionConfigurationPlatforms) = preSolution
		Debug|Any CPU = Debug|Any CPU
		Release|Any CPU = Release|Any CPU
	EndGlobalSection
	GlobalSection(ProjectConfigurationPlatforms) = postSolution
		{73F1C532-59CB-4076-915F-D909FFDF5206}.Debug|Any CPU.ActiveCfg = Debug|Any CPU
		{73F1C532-59CB-4076-915F-D909FFDF5206}.Debug|Any CPU.Build.0 = Debug|Any CPU
		{73F1C532-59CB-4076-915F-D909FFDF5206}.Release|Any CPU.ActiveCfg = Release|Any CPU
		{73F1C532-59CB-4076-915F-D909FFDF5206}.Release|Any CPU.Build.0 = Release|Any CPU
	EndGlobalSection
	GlobalSection(SolutionProperties) = preSolution
		HideSolutionNode = FALSE
	EndGlobalSection
	GlobalSection(ExtensibilityGlobals) = postSolution
		SolutionGuid = {3A49C27D-AF5D-48D0-8D8C-A9F952DB37D2}
	EndGlobalSection
EndGlobal
